// !$*UTF8*$!
{
	archiveVersion = 1;
	classes = {
	};
	objectVersion = 56;
	objects = {

/* Begin PBXBuildFile section */
		32D4A61D2B6D7058002C5FC5 /* AppDelegate.swift in Sources */ = {isa = PBXBuildFile; fileRef = 32D4A61C2B6D7058002C5FC5 /* AppDelegate.swift */; };
		32D4A61F2B6D7058002C5FC5 /* SceneDelegate.swift in Sources */ = {isa = PBXBuildFile; fileRef = 32D4A61E2B6D7058002C5FC5 /* SceneDelegate.swift */; };
		32D4A6212B6D7058002C5FC5 /* MainViewController.swift in Sources */ = {isa = PBXBuildFile; fileRef = 32D4A6202B6D7058002C5FC5 /* MainViewController.swift */; };
		32D4A6262B6D705A002C5FC5 /* Assets.xcassets in Resources */ = {isa = PBXBuildFile; fileRef = 32D4A6252B6D705A002C5FC5 /* Assets.xcassets */; };
		32D4A6292B6D705A002C5FC5 /* LaunchScreen.storyboard in Resources */ = {isa = PBXBuildFile; fileRef = 32D4A6272B6D705A002C5FC5 /* LaunchScreen.storyboard */; };
		32D4A63C2B6F7FAF002C5FC5 /* PhotosModel.swift in Sources */ = {isa = PBXBuildFile; fileRef = 32D4A63B2B6F7FAF002C5FC5 /* PhotosModel.swift */; };
		32D4A63E2B6F8949002C5FC5 /* TopSectionCell.swift in Sources */ = {isa = PBXBuildFile; fileRef = 32D4A63D2B6F8949002C5FC5 /* TopSectionCell.swift */; };
		32D4A6402B6F9418002C5FC5 /* ListCell.swift in Sources */ = {isa = PBXBuildFile; fileRef = 32D4A63F2B6F9418002C5FC5 /* ListCell.swift */; };
		32D4A6422B6FA07B002C5FC5 /* FirstViewController.swift in Sources */ = {isa = PBXBuildFile; fileRef = 32D4A6412B6FA07B002C5FC5 /* FirstViewController.swift */; };
		32D4A6442B6FA0A9002C5FC5 /* SecondViewController.swift in Sources */ = {isa = PBXBuildFile; fileRef = 32D4A6432B6FA0A9002C5FC5 /* SecondViewController.swift */; };
		32D4A6462B6FA0B5002C5FC5 /* ThirdViewController.swift in Sources */ = {isa = PBXBuildFile; fileRef = 32D4A6452B6FA0B5002C5FC5 /* ThirdViewController.swift */; };
		32D4A6482B6FA120002C5FC5 /* TabBarViewController.swift in Sources */ = {isa = PBXBuildFile; fileRef = 32D4A6472B6FA120002C5FC5 /* TabBarViewController.swift */; };
/* End PBXBuildFile section */

/* Begin PBXFileReference section */
		32D4A6192B6D7058002C5FC5 /* HW-14-Apple-Photos.app */ = {isa = PBXFileReference; explicitFileType = wrapper.application; includeInIndex = 0; path = "HW-14-Apple-Photos.app"; sourceTree = BUILT_PRODUCTS_DIR; };
		32D4A61C2B6D7058002C5FC5 /* AppDelegate.swift */ = {isa = PBXFileReference; lastKnownFileType = sourcecode.swift; path = AppDelegate.swift; sourceTree = "<group>"; };
		32D4A61E2B6D7058002C5FC5 /* SceneDelegate.swift */ = {isa = PBXFileReference; lastKnownFileType = sourcecode.swift; path = SceneDelegate.swift; sourceTree = "<group>"; };
		32D4A6202B6D7058002C5FC5 /* MainViewController.swift */ = {isa = PBXFileReference; lastKnownFileType = sourcecode.swift; path = MainViewController.swift; sourceTree = "<group>"; };
		32D4A6252B6D705A002C5FC5 /* Assets.xcassets */ = {isa = PBXFileReference; lastKnownFileType = folder.assetcatalog; path = Assets.xcassets; sourceTree = "<group>"; };
		32D4A6282B6D705A002C5FC5 /* Base */ = {isa = PBXFileReference; lastKnownFileType = file.storyboard; name = Base; path = Base.lproj/LaunchScreen.storyboard; sourceTree = "<group>"; };
		32D4A62A2B6D705A002C5FC5 /* Info.plist */ = {isa = PBXFileReference; lastKnownFileType = text.plist.xml; path = Info.plist; sourceTree = "<group>"; };
		32D4A63B2B6F7FAF002C5FC5 /* PhotosModel.swift */ = {isa = PBXFileReference; lastKnownFileType = sourcecode.swift; path = PhotosModel.swift; sourceTree = "<group>"; };
		32D4A63D2B6F8949002C5FC5 /* TopSectionCell.swift */ = {isa = PBXFileReference; lastKnownFileType = sourcecode.swift; path = TopSectionCell.swift; sourceTree = "<group>"; };
		32D4A63F2B6F9418002C5FC5 /* ListCell.swift */ = {isa = PBXFileReference; lastKnownFileType = sourcecode.swift; path = ListCell.swift; sourceTree = "<group>"; };
		32D4A6412B6FA07B002C5FC5 /* FirstViewController.swift */ = {isa = PBXFileReference; lastKnownFileType = sourcecode.swift; path = FirstViewController.swift; sourceTree = "<group>"; };
		32D4A6432B6FA0A9002C5FC5 /* SecondViewController.swift */ = {isa = PBXFileReference; lastKnownFileType = sourcecode.swift; path = SecondViewController.swift; sourceTree = "<group>"; };
		32D4A6452B6FA0B5002C5FC5 /* ThirdViewController.swift */ = {isa = PBXFileReference; lastKnownFileType = sourcecode.swift; path = ThirdViewController.swift; sourceTree = "<group>"; };
		32D4A6472B6FA120002C5FC5 /* TabBarViewController.swift */ = {isa = PBXFileReference; lastKnownFileType = sourcecode.swift; path = TabBarViewController.swift; sourceTree = "<group>"; };
/* End PBXFileReference section */

/* Begin PBXFrameworksBuildPhase section */
		32D4A6162B6D7058002C5FC5 /* Frameworks */ = {
			isa = PBXFrameworksBuildPhase;
			buildActionMask = 2147483647;
			files = (
			);
			runOnlyForDeploymentPostprocessing = 0;
		};
/* End PBXFrameworksBuildPhase section */

/* Begin PBXGroup section */
		32D4A6102B6D7058002C5FC5 = {
			isa = PBXGroup;
			children = (
				32D4A61B2B6D7058002C5FC5 /* HW-14-Apple-Photos */,
				32D4A61A2B6D7058002C5FC5 /* Products */,
			);
			sourceTree = "<group>";
		};
		32D4A61A2B6D7058002C5FC5 /* Products */ = {
			isa = PBXGroup;
			children = (
				32D4A6192B6D7058002C5FC5 /* HW-14-Apple-Photos.app */,
			);
			name = Products;
			sourceTree = "<group>";
		};
		32D4A61B2B6D7058002C5FC5 /* HW-14-Apple-Photos */ = {
			isa = PBXGroup;
			children = (
				32D4A6302B6D7090002C5FC5 /* App */,
				32D4A6312B6D7096002C5FC5 /* Sources */,
				32D4A63A2B6F739F002C5FC5 /* Models */,
				32D4A6322B6D709C002C5FC5 /* Resources */,
			);
			path = "HW-14-Apple-Photos";
			sourceTree = "<group>";
		};
		32D4A6302B6D7090002C5FC5 /* App */ = {
			isa = PBXGroup;
			children = (
				32D4A61C2B6D7058002C5FC5 /* AppDelegate.swift */,
				32D4A61E2B6D7058002C5FC5 /* SceneDelegate.swift */,
			);
			path = App;
			sourceTree = "<group>";
		};
		32D4A6312B6D7096002C5FC5 /* Sources */ = {
			isa = PBXGroup;
			children = (
				32D4A6382B6F7101002C5FC5 /* Modules */,
				32D4A6392B6F71A9002C5FC5 /* Cells */,
			);
			path = Sources;
			sourceTree = "<group>";
		};
		32D4A6322B6D709C002C5FC5 /* Resources */ = {
			isa = PBXGroup;
			children = (
				32D4A6252B6D705A002C5FC5 /* Assets.xcassets */,
				32D4A6272B6D705A002C5FC5 /* LaunchScreen.storyboard */,
				32D4A62A2B6D705A002C5FC5 /* Info.plist */,
			);
			path = Resources;
			sourceTree = "<group>";
		};
		32D4A6382B6F7101002C5FC5 /* Modules */ = {
			isa = PBXGroup;
			children = (
				32D4A6472B6FA120002C5FC5 /* TabBarViewController.swift */,
				32D4A6202B6D7058002C5FC5 /* MainViewController.swift */,
				32D4A6412B6FA07B002C5FC5 /* FirstViewController.swift */,
				32D4A6432B6FA0A9002C5FC5 /* SecondViewController.swift */,
				32D4A6452B6FA0B5002C5FC5 /* ThirdViewController.swift */,
			);
			path = Modules;
			sourceTree = "<group>";
		};
		32D4A6392B6F71A9002C5FC5 /* Cells */ = {
			isa = PBXGroup;
			children = (
				32D4A63D2B6F8949002C5FC5 /* TopSectionCell.swift */,
				32D4A63F2B6F9418002C5FC5 /* ListCell.swift */,
			);
			path = Cells;
			sourceTree = "<group>";
		};
		32D4A63A2B6F739F002C5FC5 /* Models */ = {
			isa = PBXGroup;
			children = (
				32D4A63B2B6F7FAF002C5FC5 /* PhotosModel.swift */,
			);
			path = Models;
			sourceTree = "<group>";
		};
/* End PBXGroup section */

/* Begin PBXNativeTarget section */
		32D4A6182B6D7058002C5FC5 /* HW-14-Apple-Photos */ = {
			isa = PBXNativeTarget;
			buildConfigurationList = 32D4A62D2B6D705A002C5FC5 /* Build configuration list for PBXNativeTarget "HW-14-Apple-Photos" */;
			buildPhases = (
				32D4A6152B6D7058002C5FC5 /* Sources */,
				32D4A6162B6D7058002C5FC5 /* Frameworks */,
				32D4A6172B6D7058002C5FC5 /* Resources */,
			);
			buildRules = (
			);
			dependencies = (
			);
			name = "HW-14-Apple-Photos";
			productName = "HW-14-Apple-Photos";
			productReference = 32D4A6192B6D7058002C5FC5 /* HW-14-Apple-Photos.app */;
			productType = "com.apple.product-type.application";
		};
/* End PBXNativeTarget section */

/* Begin PBXProject section */
		32D4A6112B6D7058002C5FC5 /* Project object */ = {
			isa = PBXProject;
			attributes = {
				BuildIndependentTargetsInParallel = 1;
				LastSwiftUpdateCheck = 1520;
				LastUpgradeCheck = 1520;
				TargetAttributes = {
					32D4A6182B6D7058002C5FC5 = {
						CreatedOnToolsVersion = 15.2;
					};
				};
			};
			buildConfigurationList = 32D4A6142B6D7058002C5FC5 /* Build configuration list for PBXProject "HW-14-Apple-Photos" */;
			compatibilityVersion = "Xcode 14.0";
			developmentRegion = en;
			hasScannedForEncodings = 0;
			knownRegions = (
				en,
				Base,
			);
			mainGroup = 32D4A6102B6D7058002C5FC5;
			productRefGroup = 32D4A61A2B6D7058002C5FC5 /* Products */;
			projectDirPath = "";
			projectRoot = "";
			targets = (
				32D4A6182B6D7058002C5FC5 /* HW-14-Apple-Photos */,
			);
		};
/* End PBXProject section */

/* Begin PBXResourcesBuildPhase section */
		32D4A6172B6D7058002C5FC5 /* Resources */ = {
			isa = PBXResourcesBuildPhase;
			buildActionMask = 2147483647;
			files = (
				32D4A6292B6D705A002C5FC5 /* LaunchScreen.storyboard in Resources */,
				32D4A6262B6D705A002C5FC5 /* Assets.xcassets in Resources */,
			);
			runOnlyForDeploymentPostprocessing = 0;
		};
/* End PBXResourcesBuildPhase section */

/* Begin PBXSourcesBuildPhase section */
		32D4A6152B6D7058002C5FC5 /* Sources */ = {
			isa = PBXSourcesBuildPhase;
			buildActionMask = 2147483647;
			files = (
				32D4A6442B6FA0A9002C5FC5 /* SecondViewController.swift in Sources */,
				32D4A6462B6FA0B5002C5FC5 /* ThirdViewController.swift in Sources */,
				32D4A6212B6D7058002C5FC5 /* MainViewController.swift in Sources */,
				32D4A61D2B6D7058002C5FC5 /* AppDelegate.swift in Sources */,
				32D4A63E2B6F8949002C5FC5 /* TopSectionCell.swift in Sources */,
				32D4A6402B6F9418002C5FC5 /* ListCell.swift in Sources */,
				32D4A63C2B6F7FAF002C5FC5 /* PhotosModel.swift in Sources */,
				32D4A61F2B6D7058002C5FC5 /* SceneDelegate.swift in Sources */,
				32D4A6482B6FA120002C5FC5 /* TabBarViewController.swift in Sources */,
				32D4A6422B6FA07B002C5FC5 /* FirstViewController.swift in Sources */,
			);
			runOnlyForDeploymentPostprocessing = 0;
		};
/* End PBXSourcesBuildPhase section */

/* Begin PBXVariantGroup section */
		32D4A6272B6D705A002C5FC5 /* LaunchScreen.storyboard */ = {
			isa = PBXVariantGroup;
			children = (
				32D4A6282B6D705A002C5FC5 /* Base */,
			);
			name = LaunchScreen.storyboard;
			sourceTree = "<group>";
		};
/* End PBXVariantGroup section */

/* Begin XCBuildConfiguration section */
		32D4A62B2B6D705A002C5FC5 /* Debug */ = {
			isa = XCBuildConfiguration;
			buildSettings = {
				ALWAYS_SEARCH_USER_PATHS = NO;
				ASSETCATALOG_COMPILER_GENERATE_SWIFT_ASSET_SYMBOL_EXTENSIONS = YES;
				CLANG_ANALYZER_NONNULL = YES;
				CLANG_ANALYZER_NUMBER_OBJECT_CONVERSION = YES_AGGRESSIVE;
				CLANG_CXX_LANGUAGE_STANDARD = "gnu++20";
				CLANG_ENABLE_MODULES = YES;
				CLANG_ENABLE_OBJC_ARC = YES;
				CLANG_ENABLE_OBJC_WEAK = YES;
				CLANG_WARN_BLOCK_CAPTURE_AUTORELEASING = YES;
				CLANG_WARN_BOOL_CONVERSION = YES;
				CLANG_WARN_COMMA = YES;
				CLANG_WARN_CONSTANT_CONVERSION = YES;
				CLANG_WARN_DEPRECATED_OBJC_IMPLEMENTATIONS = YES;
				CLANG_WARN_DIRECT_OBJC_ISA_USAGE = YES_ERROR;
				CLANG_WARN_DOCUMENTATION_COMMENTS = YES;
				CLANG_WARN_EMPTY_BODY = YES;
				CLANG_WARN_ENUM_CONVERSION = YES;
				CLANG_WARN_INFINITE_RECURSION = YES;
				CLANG_WARN_INT_CONVERSION = YES;
				CLANG_WARN_NON_LITERAL_NULL_CONVERSION = YES;
				CLANG_WARN_OBJC_IMPLICIT_RETAIN_SELF = YES;
				CLANG_WARN_OBJC_LITERAL_CONVERSION = YES;
				CLANG_WARN_OBJC_ROOT_CLASS = YES_ERROR;
				CLANG_WARN_QUOTED_INCLUDE_IN_FRAMEWORK_HEADER = YES;
				CLANG_WARN_RANGE_LOOP_ANALYSIS = YES;
				CLANG_WARN_STRICT_PROTOTYPES = YES;
				CLANG_WARN_SUSPICIOUS_MOVE = YES;
				CLANG_WARN_UNGUARDED_AVAILABILITY = YES_AGGRESSIVE;
				CLANG_WARN_UNREACHABLE_CODE = YES;
				CLANG_WARN__DUPLICATE_METHOD_MATCH = YES;
				COPY_PHASE_STRIP = NO;
				DEBUG_INFORMATION_FORMAT = dwarf;
				ENABLE_STRICT_OBJC_MSGSEND = YES;
				ENABLE_TESTABILITY = YES;
				ENABLE_USER_SCRIPT_SANDBOXING = YES;
				GCC_C_LANGUAGE_STANDARD = gnu17;
				GCC_DYNAMIC_NO_PIC = NO;
				GCC_NO_COMMON_BLOCKS = YES;
				GCC_OPTIMIZATION_LEVEL = 0;
				GCC_PREPROCESSOR_DEFINITIONS = (
					"DEBUG=1",
					"$(inherited)",
				);
				GCC_WARN_64_TO_32_BIT_CONVERSION = YES;
				GCC_WARN_ABOUT_RETURN_TYPE = YES_ERROR;
				GCC_WARN_UNDECLARED_SELECTOR = YES;
				GCC_WARN_UNINITIALIZED_AUTOS = YES_AGGRESSIVE;
				GCC_WARN_UNUSED_FUNCTION = YES;
				GCC_WARN_UNUSED_VARIABLE = YES;
				IPHONEOS_DEPLOYMENT_TARGET = 17.2;
				LOCALIZATION_PREFERS_STRING_CATALOGS = YES;
				MTL_ENABLE_DEBUG_INFO = INCLUDE_SOURCE;
				MTL_FAST_MATH = YES;
				ONLY_ACTIVE_ARCH = YES;
				SDKROOT = iphoneos;
				SWIFT_ACTIVE_COMPILATION_CONDITIONS = "DEBUG $(inherited)";
				SWIFT_OPTIMIZATION_LEVEL = "-Onone";
			};
			name = Debug;
		};
		32D4A62C2B6D705A002C5FC5 /* Release */ = {
			isa = XCBuildConfiguration;
			buildSettings = {
				ALWAYS_SEARCH_USER_PATHS = NO;
				ASSETCATALOG_COMPILER_GENERATE_SWIFT_ASSET_SYMBOL_EXTENSIONS = YES;
				CLANG_ANALYZER_NONNULL = YES;
				CLANG_ANALYZER_NUMBER_OBJECT_CONVERSION = YES_AGGRESSIVE;
				CLANG_CXX_LANGUAGE_STANDARD = "gnu++20";
				CLANG_ENABLE_MODULES = YES;
				CLANG_ENABLE_OBJC_ARC = YES;
				CLANG_ENABLE_OBJC_WEAK = YES;
				CLANG_WARN_BLOCK_CAPTURE_AUTORELEASING = YES;
				CLANG_WARN_BOOL_CONVERSION = YES;
				CLANG_WARN_COMMA = YES;
				CLANG_WARN_CONSTANT_CONVERSION = YES;
				CLANG_WARN_DEPRECATED_OBJC_IMPLEMENTATIONS = YES;
				CLANG_WARN_DIRECT_OBJC_ISA_USAGE = YES_ERROR;
				CLANG_WARN_DOCUMENTATION_COMMENTS = YES;
				CLANG_WARN_EMPTY_BODY = YES;
				CLANG_WARN_ENUM_CONVERSION = YES;
				CLANG_WARN_INFINITE_RECURSION = YES;
				CLANG_WARN_INT_CONVERSION = YES;
				CLANG_WARN_NON_LITERAL_NULL_CONVERSION = YES;
				CLANG_WARN_OBJC_IMPLICIT_RETAIN_SELF = YES;
				CLANG_WARN_OBJC_LITERAL_CONVERSION = YES;
				CLANG_WARN_OBJC_ROOT_CLASS = YES_ERROR;
				CLANG_WARN_QUOTED_INCLUDE_IN_FRAMEWORK_HEADER = YES;
				CLANG_WARN_RANGE_LOOP_ANALYSIS = YES;
				CLANG_WARN_STRICT_PROTOTYPES = YES;
				CLANG_WARN_SUSPICIOUS_MOVE = YES;
				CLANG_WARN_UNGUARDED_AVAILABILITY = YES_AGGRESSIVE;
				CLANG_WARN_UNREACHABLE_CODE = YES;
				CLANG_WARN__DUPLICATE_METHOD_MATCH = YES;
				COPY_PHASE_STRIP = NO;
				DEBUG_INFORMATION_FORMAT = "dwarf-with-dsym";
				ENABLE_NS_ASSERTIONS = NO;
				ENABLE_STRICT_OBJC_MSGSEND = YES;
				ENABLE_USER_SCRIPT_SANDBOXING = YES;
				GCC_C_LANGUAGE_STANDARD = gnu17;
				GCC_NO_COMMON_BLOCKS = YES;
				GCC_WARN_64_TO_32_BIT_CONVERSION = YES;
				GCC_WARN_ABOUT_RETURN_TYPE = YES_ERROR;
				GCC_WARN_UNDECLARED_SELECTOR = YES;
				GCC_WARN_UNINITIALIZED_AUTOS = YES_AGGRESSIVE;
				GCC_WARN_UNUSED_FUNCTION = YES;
				GCC_WARN_UNUSED_VARIABLE = YES;
				IPHONEOS_DEPLOYMENT_TARGET = 17.2;
				LOCALIZATION_PREFERS_STRING_CATALOGS = YES;
				MTL_ENABLE_DEBUG_INFO = NO;
				MTL_FAST_MATH = YES;
				SDKROOT = iphoneos;
				SWIFT_COMPILATION_MODE = wholemodule;
				VALIDATE_PRODUCT = YES;
			};
			name = Release;
		};
		32D4A62E2B6D705A002C5FC5 /* Debug */ = {
			isa = XCBuildConfiguration;
			buildSettings = {
				ASSETCATALOG_COMPILER_APPICON_NAME = AppIcon;
				ASSETCATALOG_COMPILER_GLOBAL_ACCENT_COLOR_NAME = AccentColor;
				CODE_SIGN_STYLE = Automatic;
				CURRENT_PROJECT_VERSION = 1;
				DEVELOPMENT_TEAM = 7S5KXF68WA;
				GENERATE_INFOPLIST_FILE = YES;
				INFOPLIST_FILE = "HW-14-Apple-Photos/Resources/Info.plist";
				INFOPLIST_KEY_UIApplicationSupportsIndirectInputEvents = YES;
				INFOPLIST_KEY_UILaunchStoryboardName = LaunchScreen;
				INFOPLIST_KEY_UISupportedInterfaceOrientations = UIInterfaceOrientationPortrait;
				INFOPLIST_KEY_UISupportedInterfaceOrientations_iPad = "UIInterfaceOrientationLandscapeLeft UIInterfaceOrientationLandscapeRight UIInterfaceOrientationPortrait UIInterfaceOrientationPortraitUpsideDown";
				LD_RUNPATH_SEARCH_PATHS = (
					"$(inherited)",
					"@executable_path/Frameworks",
				);
				MARKETING_VERSION = 1.0;
				PRODUCT_BUNDLE_IDENTIFIER = "com.my.HW-14-Apple-Photos";
				PRODUCT_NAME = "$(TARGET_NAME)";
				SUPPORTED_PLATFORMS = "iphoneos iphonesimulator";
				SUPPORTS_MACCATALYST = NO;
				SUPPORTS_MAC_DESIGNED_FOR_IPHONE_IPAD = NO;
				SUPPORTS_XR_DESIGNED_FOR_IPHONE_IPAD = NO;
				SWIFT_EMIT_LOC_STRINGS = YES;
				SWIFT_VERSION = 5.0;
				TARGETED_DEVICE_FAMILY = 1;
			};
			name = Debug;
		};
		32D4A62F2B6D705A002C5FC5 /* Release */ = {
			isa = XCBuildConfiguration;
			buildSettings = {
				ASSETCATALOG_COMPILER_APPICON_NAME = AppIcon;
				ASSETCATALOG_COMPILER_GLOBAL_ACCENT_COLOR_NAME = AccentColor;
				CODE_SIGN_STYLE = Automatic;
				CURRENT_PROJECT_VERSION = 1;
				DEVELOPMENT_TEAM = 7S5KXF68WA;
				GENERATE_INFOPLIST_FILE = YES;
				INFOPLIST_FILE = "HW-14-Apple-Photos/Resources/Info.plist";
				INFOPLIST_KEY_UIApplicationSupportsIndirectInputEvents = YES;
				INFOPLIST_KEY_UILaunchStoryboardName = LaunchScreen;
				INFOPLIST_KEY_UISupportedInterfaceOrientations = UIInterfaceOrientationPortrait;
				INFOPLIST_KEY_UISupportedInterfaceOrientations_iPad = "UIInterfaceOrientationLandscapeLeft UIInterfaceOrientationLandscapeRight UIInterfaceOrientationPortrait UIInterfaceOrientationPortraitUpsideDown";
				LD_RUNPATH_SEARCH_PATHS = (
					"$(inherited)",
					"@executable_path/Frameworks",
				);
				MARKETING_VERSION = 1.0;
				PRODUCT_BUNDLE_IDENTIFIER = "com.my.HW-14-Apple-Photos";
				PRODUCT_NAME = "$(TARGET_NAME)";
				SUPPORTED_PLATFORMS = "iphoneos iphonesimulator";
				SUPPORTS_MACCATALYST = NO;
				SUPPORTS_MAC_DESIGNED_FOR_IPHONE_IPAD = NO;
				SUPPORTS_XR_DESIGNED_FOR_IPHONE_IPAD = NO;
				SWIFT_EMIT_LOC_STRINGS = YES;
				SWIFT_VERSION = 5.0;
				TARGETED_DEVICE_FAMILY = 1;
			};
			name = Release;
		};
/* End XCBuildConfiguration section */

/* Begin XCConfigurationList section */
		32D4A6142B6D7058002C5FC5 /* Build configuration list for PBXProject "HW-14-Apple-Photos" */ = {
			isa = XCConfigurationList;
			buildConfigurations = (
				32D4A62B2B6D705A002C5FC5 /* Debug */,
				32D4A62C2B6D705A002C5FC5 /* Release */,
			);
			defaultConfigurationIsVisible = 0;
			defaultConfigurationName = Release;
		};
		32D4A62D2B6D705A002C5FC5 /* Build configuration list for PBXNativeTarget "HW-14-Apple-Photos" */ = {
			isa = XCConfigurationList;
			buildConfigurations = (
				32D4A62E2B6D705A002C5FC5 /* Debug */,
				32D4A62F2B6D705A002C5FC5 /* Release */,
			);
			defaultConfigurationIsVisible = 0;
			defaultConfigurationName = Release;
		};
/* End XCConfigurationList section */
	};
	rootObject = 32D4A6112B6D7058002C5FC5 /* Project object */;
}
